
Microsoft Visual Studio Solution File, Format Version 12.00
# Visual Studio Version 17
VisualStudioVersion = 17.10.34916.146
MinimumVisualStudioVersion = 10.0.40219.1
Project("{FAE04EC0-301F-11D3-BF4B-00C04F79EFBC}") = "BlogApp", "BlogApp\BlogApp.csproj", "{0F8DBA3B-8A26-4D13-96F8-19DF0B4564BB}"
EndProject
Global
	GlobalSection(SolutionConfigurationPlatforms) = preSolution
		Debug|Any CPU = Debug|Any CPU
		Release|Any CPU = Release|Any CPU
	EndGlobalSection
	GlobalSection(ProjectConfigurationPlatforms) = postSolution
		{0F8DBA3B-8A26-4D13-96F8-19DF0B4564BB}.Debug|Any CPU.ActiveCfg = Debug|Any CPU
		{0F8DBA3B-8A26-4D13-96F8-19DF0B4564BB}.Debug|Any CPU.Build.0 = Debug|Any CPU
		{0F8DBA3B-8A26-4D13-96F8-19DF0B4564BB}.Release|Any CPU.ActiveCfg = Release|Any CPU
		{0F8DBA3B-8A26-4D13-96F8-19DF0B4564BB}.Release|Any CPU.Build.0 = Release|Any CPU
	EndGlobalSection
	GlobalSection(SolutionProperties) = preSolution
		HideSolutionNode = FALSE
	EndGlobalSection
	GlobalSection(ExtensibilityGlobals) = postSolution
		SolutionGuid = {3B4BB948-C5C0-48E3-8588-4344BA675D93}
	EndGlobalSection
EndGlobal
